{
  "pins" : [
    {
      "identity" : "trademeapi",
      "kind" : "remoteSourceControl",
      "location" : "https://github.com/antokne/TradeMeAPI",
      "state" : {
        "branch" : "develop",
        "revision" : "0f2cd3fe97448ac9c4423d0d7fcb12467ebdebb6"
      }
    }
  ],
  "version" : 2
}
