// !$*UTF8*$!
{
	archiveVersion = 1;
	classes = {
	};
	objectVersion = 56;
	objects = {

/* Begin PBXBuildFile section */
		6110B356298B16560068C7F7 /* TradeMeAPI in Frameworks */ = {isa = PBXBuildFile; productRef = 6110B355298B16560068C7F7 /* TradeMeAPI */; };
		6110B358298B17510068C7F7 /* ListingDetailView.swift in Sources */ = {isa = PBXBuildFile; fileRef = 6110B357298B17510068C7F7 /* ListingDetailView.swift */; };
		6110B35D298B2B330068C7F7 /* one-listing.json in Resources */ = {isa = PBXBuildFile; fileRef = 6110B35C298B2B330068C7F7 /* one-listing.json */; };
		6110B35F298B2B510068C7F7 /* ListingModelTests.swift in Sources */ = {isa = PBXBuildFile; fileRef = 6110B35E298B2B510068C7F7 /* ListingModelTests.swift */; };
		6169F839298A242000BAB165 /* BrowseViewModel.swift in Sources */ = {isa = PBXBuildFile; fileRef = 6169F838298A242000BAB165 /* BrowseViewModel.swift */; };
		6169F83E298B02C500BAB165 /* ListingModel.swift in Sources */ = {isa = PBXBuildFile; fileRef = 6169F83D298B02C500BAB165 /* ListingModel.swift */; };
		6169F842298B04FA00BAB165 /* ListingService.swift in Sources */ = {isa = PBXBuildFile; fileRef = 6169F841298B04FA00BAB165 /* ListingService.swift */; };
		617A6B4C2989FC99006E69DE /* BrowseView.swift in Sources */ = {isa = PBXBuildFile; fileRef = 617A6B4B2989FC99006E69DE /* BrowseView.swift */; };
		617A6B4E2989FDB5006E69DE /* ListingRowView.swift in Sources */ = {isa = PBXBuildFile; fileRef = 617A6B4D2989FDB5006E69DE /* ListingRowView.swift */; };
		617A6B50298A00D6006E69DE /* TextViews.swift in Sources */ = {isa = PBXBuildFile; fileRef = 617A6B4F298A00D6006E69DE /* TextViews.swift */; };
		617A6B52298A023A006E69DE /* ColorExtensions.swift in Sources */ = {isa = PBXBuildFile; fileRef = 617A6B51298A023A006E69DE /* ColorExtensions.swift */; };
		6190D2AB2989E0A50068490C /* TMTechTestApp.swift in Sources */ = {isa = PBXBuildFile; fileRef = 6190D2AA2989E0A50068490C /* TMTechTestApp.swift */; };
		6190D2AD2989E0A50068490C /* ContentView.swift in Sources */ = {isa = PBXBuildFile; fileRef = 6190D2AC2989E0A50068490C /* ContentView.swift */; };
		6190D2AF2989E0A60068490C /* Assets.xcassets in Resources */ = {isa = PBXBuildFile; fileRef = 6190D2AE2989E0A60068490C /* Assets.xcassets */; };
		6190D2B32989E0A60068490C /* Preview Assets.xcassets in Resources */ = {isa = PBXBuildFile; fileRef = 6190D2B22989E0A60068490C /* Preview Assets.xcassets */; };
		6190D2BD2989E0A60068490C /* TMTechTestTests.swift in Sources */ = {isa = PBXBuildFile; fileRef = 6190D2BC2989E0A60068490C /* TMTechTestTests.swift */; };
		6190D2C72989E0A60068490C /* TMTechTestUITests.swift in Sources */ = {isa = PBXBuildFile; fileRef = 6190D2C62989E0A60068490C /* TMTechTestUITests.swift */; };
		6190D2C92989E0A60068490C /* TMTechTestUITestsLaunchTests.swift in Sources */ = {isa = PBXBuildFile; fileRef = 6190D2C82989E0A60068490C /* TMTechTestUITestsLaunchTests.swift */; };
		6190D2DE2989E3AE0068490C /* WatchlistView.swift in Sources */ = {isa = PBXBuildFile; fileRef = 6190D2DD2989E3AE0068490C /* WatchlistView.swift */; };
		6190D2E02989E3C90068490C /* MyTradeMeView.swift in Sources */ = {isa = PBXBuildFile; fileRef = 6190D2DF2989E3C90068490C /* MyTradeMeView.swift */; };
		6190D2E42989F5990068490C /* ViewExtensions.swift in Sources */ = {isa = PBXBuildFile; fileRef = 6190D2E32989F5990068490C /* ViewExtensions.swift */; };
/* End PBXBuildFile section */

/* Begin PBXContainerItemProxy section */
		6190D2B92989E0A60068490C /* PBXContainerItemProxy */ = {
			isa = PBXContainerItemProxy;
			containerPortal = 6190D29F2989E0A50068490C /* Project object */;
			proxyType = 1;
			remoteGlobalIDString = 6190D2A62989E0A50068490C;
			remoteInfo = TMTechTest;
		};
		6190D2C32989E0A60068490C /* PBXContainerItemProxy */ = {
			isa = PBXContainerItemProxy;
			containerPortal = 6190D29F2989E0A50068490C /* Project object */;
			proxyType = 1;
			remoteGlobalIDString = 6190D2A62989E0A50068490C;
			remoteInfo = TMTechTest;
		};
/* End PBXContainerItemProxy section */

/* Begin PBXFileReference section */
		6110B357298B17510068C7F7 /* ListingDetailView.swift */ = {isa = PBXFileReference; lastKnownFileType = sourcecode.swift; path = ListingDetailView.swift; sourceTree = "<group>"; };
		6110B35C298B2B330068C7F7 /* one-listing.json */ = {isa = PBXFileReference; fileEncoding = 4; lastKnownFileType = text.json; path = "one-listing.json"; sourceTree = "<group>"; };
		6110B35E298B2B510068C7F7 /* ListingModelTests.swift */ = {isa = PBXFileReference; lastKnownFileType = sourcecode.swift; path = ListingModelTests.swift; sourceTree = "<group>"; };
		6169F838298A242000BAB165 /* BrowseViewModel.swift */ = {isa = PBXFileReference; lastKnownFileType = sourcecode.swift; path = BrowseViewModel.swift; sourceTree = "<group>"; };
		6169F83D298B02C500BAB165 /* ListingModel.swift */ = {isa = PBXFileReference; lastKnownFileType = sourcecode.swift; path = ListingModel.swift; sourceTree = "<group>"; };
		6169F841298B04FA00BAB165 /* ListingService.swift */ = {isa = PBXFileReference; lastKnownFileType = sourcecode.swift; path = ListingService.swift; sourceTree = "<group>"; };
		617A6B4B2989FC99006E69DE /* BrowseView.swift */ = {isa = PBXFileReference; fileEncoding = 4; lastKnownFileType = sourcecode.swift; path = BrowseView.swift; sourceTree = "<group>"; };
		617A6B4D2989FDB5006E69DE /* ListingRowView.swift */ = {isa = PBXFileReference; lastKnownFileType = sourcecode.swift; path = ListingRowView.swift; sourceTree = "<group>"; };
		617A6B4F298A00D6006E69DE /* TextViews.swift */ = {isa = PBXFileReference; lastKnownFileType = sourcecode.swift; path = TextViews.swift; sourceTree = "<group>"; };
		617A6B51298A023A006E69DE /* ColorExtensions.swift */ = {isa = PBXFileReference; lastKnownFileType = sourcecode.swift; path = ColorExtensions.swift; sourceTree = "<group>"; };
		617A6B53298A0644006E69DE /* ReadMe.md */ = {isa = PBXFileReference; lastKnownFileType = net.daringfireball.markdown; path = ReadMe.md; sourceTree = "<group>"; };
		6190D2A72989E0A50068490C /* TMTechTest.app */ = {isa = PBXFileReference; explicitFileType = wrapper.application; includeInIndex = 0; path = TMTechTest.app; sourceTree = BUILT_PRODUCTS_DIR; };
		6190D2AA2989E0A50068490C /* TMTechTestApp.swift */ = {isa = PBXFileReference; lastKnownFileType = sourcecode.swift; path = TMTechTestApp.swift; sourceTree = "<group>"; };
		6190D2AC2989E0A50068490C /* ContentView.swift */ = {isa = PBXFileReference; lastKnownFileType = sourcecode.swift; path = ContentView.swift; sourceTree = "<group>"; };
		6190D2AE2989E0A60068490C /* Assets.xcassets */ = {isa = PBXFileReference; lastKnownFileType = folder.assetcatalog; path = Assets.xcassets; sourceTree = "<group>"; };
		6190D2B02989E0A60068490C /* TMTechTest.entitlements */ = {isa = PBXFileReference; lastKnownFileType = text.plist.entitlements; path = TMTechTest.entitlements; sourceTree = "<group>"; };
		6190D2B22989E0A60068490C /* Preview Assets.xcassets */ = {isa = PBXFileReference; lastKnownFileType = folder.assetcatalog; path = "Preview Assets.xcassets"; sourceTree = "<group>"; };
		6190D2B82989E0A60068490C /* TMTechTestTests.xctest */ = {isa = PBXFileReference; explicitFileType = wrapper.cfbundle; includeInIndex = 0; path = TMTechTestTests.xctest; sourceTree = BUILT_PRODUCTS_DIR; };
		6190D2BC2989E0A60068490C /* TMTechTestTests.swift */ = {isa = PBXFileReference; lastKnownFileType = sourcecode.swift; path = TMTechTestTests.swift; sourceTree = "<group>"; };
		6190D2C22989E0A60068490C /* TMTechTestUITests.xctest */ = {isa = PBXFileReference; explicitFileType = wrapper.cfbundle; includeInIndex = 0; path = TMTechTestUITests.xctest; sourceTree = BUILT_PRODUCTS_DIR; };
		6190D2C62989E0A60068490C /* TMTechTestUITests.swift */ = {isa = PBXFileReference; lastKnownFileType = sourcecode.swift; path = TMTechTestUITests.swift; sourceTree = "<group>"; };
		6190D2C82989E0A60068490C /* TMTechTestUITestsLaunchTests.swift */ = {isa = PBXFileReference; lastKnownFileType = sourcecode.swift; path = TMTechTestUITestsLaunchTests.swift; sourceTree = "<group>"; };
		6190D2DD2989E3AE0068490C /* WatchlistView.swift */ = {isa = PBXFileReference; lastKnownFileType = sourcecode.swift; path = WatchlistView.swift; sourceTree = "<group>"; };
		6190D2DF2989E3C90068490C /* MyTradeMeView.swift */ = {isa = PBXFileReference; lastKnownFileType = sourcecode.swift; path = MyTradeMeView.swift; sourceTree = "<group>"; };
		6190D2E32989F5990068490C /* ViewExtensions.swift */ = {isa = PBXFileReference; lastKnownFileType = sourcecode.swift; path = ViewExtensions.swift; sourceTree = "<group>"; };
/* End PBXFileReference section */

/* Begin PBXFrameworksBuildPhase section */
		6190D2A42989E0A50068490C /* Frameworks */ = {
			isa = PBXFrameworksBuildPhase;
			buildActionMask = 2147483647;
			files = (
				6110B356298B16560068C7F7 /* TradeMeAPI in Frameworks */,
			);
			runOnlyForDeploymentPostprocessing = 0;
		};
		6190D2B52989E0A60068490C /* Frameworks */ = {
			isa = PBXFrameworksBuildPhase;
			buildActionMask = 2147483647;
			files = (
			);
			runOnlyForDeploymentPostprocessing = 0;
		};
		6190D2BF2989E0A60068490C /* Frameworks */ = {
			isa = PBXFrameworksBuildPhase;
			buildActionMask = 2147483647;
			files = (
			);
			runOnlyForDeploymentPostprocessing = 0;
		};
/* End PBXFrameworksBuildPhase section */

/* Begin PBXGroup section */
		6110B35B298B2AD40068C7F7 /* TestData */ = {
			isa = PBXGroup;
			children = (
				6110B35C298B2B330068C7F7 /* one-listing.json */,
			);
			path = TestData;
			sourceTree = "<group>";
		};
		6169F83A298B027700BAB165 /* Model */ = {
			isa = PBXGroup;
			children = (
				6169F83D298B02C500BAB165 /* ListingModel.swift */,
			);
			path = Model;
			sourceTree = "<group>";
		};
		6169F83B298B028600BAB165 /* MainViews */ = {
			isa = PBXGroup;
			children = (
				617A6B4A2989FC99006E69DE /* Browse */,
				6190D2D72989E35C0068490C /* Watchlist */,
				6190D2D82989E3690068490C /* MyTradeMe */,
			);
			path = MainViews;
			sourceTree = "<group>";
		};
		6169F83C298B02A800BAB165 /* ViewModel */ = {
			isa = PBXGroup;
			children = (
				6169F838298A242000BAB165 /* BrowseViewModel.swift */,
			);
			path = ViewModel;
			sourceTree = "<group>";
		};
		6169F83F298B04DD00BAB165 /* Services */ = {
			isa = PBXGroup;
			children = (
				6169F841298B04FA00BAB165 /* ListingService.swift */,
			);
			path = Services;
			sourceTree = "<group>";
		};
		617A6B4A2989FC99006E69DE /* Browse */ = {
			isa = PBXGroup;
			children = (
				617A6B4B2989FC99006E69DE /* BrowseView.swift */,
			);
			path = Browse;
			sourceTree = "<group>";
		};
		6190D29E2989E0A50068490C = {
			isa = PBXGroup;
			children = (
				6190D2A92989E0A50068490C /* TMTechTest */,
				6190D2BB2989E0A60068490C /* TMTechTestTests */,
				6190D2C52989E0A60068490C /* TMTechTestUITests */,
				6190D2A82989E0A50068490C /* Products */,
			);
			sourceTree = "<group>";
		};
		6190D2A82989E0A50068490C /* Products */ = {
			isa = PBXGroup;
			children = (
				6190D2A72989E0A50068490C /* TMTechTest.app */,
				6190D2B82989E0A60068490C /* TMTechTestTests.xctest */,
				6190D2C22989E0A60068490C /* TMTechTestUITests.xctest */,
			);
			name = Products;
			sourceTree = "<group>";
		};
		6190D2A92989E0A50068490C /* TMTechTest */ = {
			isa = PBXGroup;
			children = (
				6190D2AA2989E0A50068490C /* TMTechTestApp.swift */,
				6190D2AC2989E0A50068490C /* ContentView.swift */,
				6190D2AE2989E0A60068490C /* Assets.xcassets */,
				6190D2B02989E0A60068490C /* TMTechTest.entitlements */,
				6190D2E22989F57D0068490C /* shared */,
				6169F83A298B027700BAB165 /* Model */,
				6169F83F298B04DD00BAB165 /* Services */,
				6169F83C298B02A800BAB165 /* ViewModel */,
				6169F83B298B028600BAB165 /* MainViews */,
				6190D2B12989E0A60068490C /* Preview Content */,
			);
			path = TMTechTest;
			sourceTree = "<group>";
		};
		6190D2B12989E0A60068490C /* Preview Content */ = {
			isa = PBXGroup;
			children = (
				6190D2B22989E0A60068490C /* Preview Assets.xcassets */,
			);
			path = "Preview Content";
			sourceTree = "<group>";
		};
		6190D2BB2989E0A60068490C /* TMTechTestTests */ = {
			isa = PBXGroup;
			children = (
				6110B35B298B2AD40068C7F7 /* TestData */,
				6190D2BC2989E0A60068490C /* TMTechTestTests.swift */,
				6110B35E298B2B510068C7F7 /* ListingModelTests.swift */,
			);
			path = TMTechTestTests;
			sourceTree = "<group>";
		};
		6190D2C52989E0A60068490C /* TMTechTestUITests */ = {
			isa = PBXGroup;
			children = (
				6190D2C62989E0A60068490C /* TMTechTestUITests.swift */,
				6190D2C82989E0A60068490C /* TMTechTestUITestsLaunchTests.swift */,
			);
			path = TMTechTestUITests;
			sourceTree = "<group>";
		};
		6190D2D72989E35C0068490C /* Watchlist */ = {
			isa = PBXGroup;
			children = (
				6190D2DD2989E3AE0068490C /* WatchlistView.swift */,
			);
			path = Watchlist;
			sourceTree = "<group>";
		};
		6190D2D82989E3690068490C /* MyTradeMe */ = {
			isa = PBXGroup;
			children = (
				6190D2DF2989E3C90068490C /* MyTradeMeView.swift */,
			);
			path = MyTradeMe;
			sourceTree = "<group>";
		};
		6190D2E22989F57D0068490C /* shared */ = {
			isa = PBXGroup;
			children = (
				617A6B53298A0644006E69DE /* ReadMe.md */,
				6190D2E32989F5990068490C /* ViewExtensions.swift */,
				617A6B51298A023A006E69DE /* ColorExtensions.swift */,
				617A6B4F298A00D6006E69DE /* TextViews.swift */,
				617A6B4D2989FDB5006E69DE /* ListingRowView.swift */,
				6110B357298B17510068C7F7 /* ListingDetailView.swift */,
			);
			path = shared;
			sourceTree = "<group>";
		};
/* End PBXGroup section */

/* Begin PBXNativeTarget section */
		6190D2A62989E0A50068490C /* TMTechTest */ = {
			isa = PBXNativeTarget;
			buildConfigurationList = 6190D2CC2989E0A60068490C /* Build configuration list for PBXNativeTarget "TMTechTest" */;
			buildPhases = (
				6190D2A32989E0A50068490C /* Sources */,
				6190D2A42989E0A50068490C /* Frameworks */,
				6190D2A52989E0A50068490C /* Resources */,
			);
			buildRules = (
			);
			dependencies = (
			);
			name = TMTechTest;
			packageProductDependencies = (
				6110B355298B16560068C7F7 /* TradeMeAPI */,
			);
			productName = TMTechTest;
			productReference = 6190D2A72989E0A50068490C /* TMTechTest.app */;
			productType = "com.apple.product-type.application";
		};
		6190D2B72989E0A60068490C /* TMTechTestTests */ = {
			isa = PBXNativeTarget;
			buildConfigurationList = 6190D2CF2989E0A60068490C /* Build configuration list for PBXNativeTarget "TMTechTestTests" */;
			buildPhases = (
				6190D2B42989E0A60068490C /* Sources */,
				6190D2B52989E0A60068490C /* Frameworks */,
				6190D2B62989E0A60068490C /* Resources */,
			);
			buildRules = (
			);
			dependencies = (
				6190D2BA2989E0A60068490C /* PBXTargetDependency */,
			);
			name = TMTechTestTests;
			productName = TMTechTestTests;
			productReference = 6190D2B82989E0A60068490C /* TMTechTestTests.xctest */;
			productType = "com.apple.product-type.bundle.unit-test";
		};
		6190D2C12989E0A60068490C /* TMTechTestUITests */ = {
			isa = PBXNativeTarget;
			buildConfigurationList = 6190D2D22989E0A60068490C /* Build configuration list for PBXNativeTarget "TMTechTestUITests" */;
			buildPhases = (
				6190D2BE2989E0A60068490C /* Sources */,
				6190D2BF2989E0A60068490C /* Frameworks */,
				6190D2C02989E0A60068490C /* Resources */,
			);
			buildRules = (
			);
			dependencies = (
				6190D2C42989E0A60068490C /* PBXTargetDependency */,
			);
			name = TMTechTestUITests;
			productName = TMTechTestUITests;
			productReference = 6190D2C22989E0A60068490C /* TMTechTestUITests.xctest */;
			productType = "com.apple.product-type.bundle.ui-testing";
		};
/* End PBXNativeTarget section */

/* Begin PBXProject section */
		6190D29F2989E0A50068490C /* Project object */ = {
			isa = PBXProject;
			attributes = {
				BuildIndependentTargetsInParallel = 1;
				LastSwiftUpdateCheck = 1420;
				LastUpgradeCheck = 1420;
				TargetAttributes = {
					6190D2A62989E0A50068490C = {
						CreatedOnToolsVersion = 14.2;
					};
					6190D2B72989E0A60068490C = {
						CreatedOnToolsVersion = 14.2;
						TestTargetID = 6190D2A62989E0A50068490C;
					};
					6190D2C12989E0A60068490C = {
						CreatedOnToolsVersion = 14.2;
						TestTargetID = 6190D2A62989E0A50068490C;
					};
				};
			};
			buildConfigurationList = 6190D2A22989E0A50068490C /* Build configuration list for PBXProject "TMTechTest" */;
			compatibilityVersion = "Xcode 14.0";
			developmentRegion = en;
			hasScannedForEncodings = 0;
			knownRegions = (
				en,
				Base,
			);
			mainGroup = 6190D29E2989E0A50068490C;
			packageReferences = (
				6110B354298B16560068C7F7 /* XCRemoteSwiftPackageReference "TradeMeAPI" */,
			);
			productRefGroup = 6190D2A82989E0A50068490C /* Products */;
			projectDirPath = "";
			projectRoot = "";
			targets = (
				6190D2A62989E0A50068490C /* TMTechTest */,
				6190D2B72989E0A60068490C /* TMTechTestTests */,
				6190D2C12989E0A60068490C /* TMTechTestUITests */,
			);
		};
/* End PBXProject section */

/* Begin PBXResourcesBuildPhase section */
		6190D2A52989E0A50068490C /* Resources */ = {
			isa = PBXResourcesBuildPhase;
			buildActionMask = 2147483647;
			files = (
				6190D2B32989E0A60068490C /* Preview Assets.xcassets in Resources */,
				6190D2AF2989E0A60068490C /* Assets.xcassets in Resources */,
			);
			runOnlyForDeploymentPostprocessing = 0;
		};
		6190D2B62989E0A60068490C /* Resources */ = {
			isa = PBXResourcesBuildPhase;
			buildActionMask = 2147483647;
			files = (
				6110B35D298B2B330068C7F7 /* one-listing.json in Resources */,
			);
			runOnlyForDeploymentPostprocessing = 0;
		};
		6190D2C02989E0A60068490C /* Resources */ = {
			isa = PBXResourcesBuildPhase;
			buildActionMask = 2147483647;
			files = (
			);
			runOnlyForDeploymentPostprocessing = 0;
		};
/* End PBXResourcesBuildPhase section */

/* Begin PBXSourcesBuildPhase section */
		6190D2A32989E0A50068490C /* Sources */ = {
			isa = PBXSourcesBuildPhase;
			buildActionMask = 2147483647;
			files = (
				617A6B50298A00D6006E69DE /* TextViews.swift in Sources */,
				6169F839298A242000BAB165 /* BrowseViewModel.swift in Sources */,
				6190D2E42989F5990068490C /* ViewExtensions.swift in Sources */,
				6190D2E02989E3C90068490C /* MyTradeMeView.swift in Sources */,
				6190D2AD2989E0A50068490C /* ContentView.swift in Sources */,
				6110B358298B17510068C7F7 /* ListingDetailView.swift in Sources */,
				617A6B4C2989FC99006E69DE /* BrowseView.swift in Sources */,
				6169F83E298B02C500BAB165 /* ListingModel.swift in Sources */,
				617A6B52298A023A006E69DE /* ColorExtensions.swift in Sources */,
				6190D2AB2989E0A50068490C /* TMTechTestApp.swift in Sources */,
				6190D2DE2989E3AE0068490C /* WatchlistView.swift in Sources */,
				6169F842298B04FA00BAB165 /* ListingService.swift in Sources */,
				617A6B4E2989FDB5006E69DE /* ListingRowView.swift in Sources */,
			);
			runOnlyForDeploymentPostprocessing = 0;
		};
		6190D2B42989E0A60068490C /* Sources */ = {
			isa = PBXSourcesBuildPhase;
			buildActionMask = 2147483647;
			files = (
				6110B35F298B2B510068C7F7 /* ListingModelTests.swift in Sources */,
				6190D2BD2989E0A60068490C /* TMTechTestTests.swift in Sources */,
			);
			runOnlyForDeploymentPostprocessing = 0;
		};
		6190D2BE2989E0A60068490C /* Sources */ = {
			isa = PBXSourcesBuildPhase;
			buildActionMask = 2147483647;
			files = (
				6190D2C72989E0A60068490C /* TMTechTestUITests.swift in Sources */,
				6190D2C92989E0A60068490C /* TMTechTestUITestsLaunchTests.swift in Sources */,
			);
			runOnlyForDeploymentPostprocessing = 0;
		};
/* End PBXSourcesBuildPhase section */

/* Begin PBXTargetDependency section */
		6190D2BA2989E0A60068490C /* PBXTargetDependency */ = {
			isa = PBXTargetDependency;
			target = 6190D2A62989E0A50068490C /* TMTechTest */;
			targetProxy = 6190D2B92989E0A60068490C /* PBXContainerItemProxy */;
		};
		6190D2C42989E0A60068490C /* PBXTargetDependency */ = {
			isa = PBXTargetDependency;
			target = 6190D2A62989E0A50068490C /* TMTechTest */;
			targetProxy = 6190D2C32989E0A60068490C /* PBXContainerItemProxy */;
		};
/* End PBXTargetDependency section */

/* Begin XCBuildConfiguration section */
		6190D2CA2989E0A60068490C /* Debug */ = {
			isa = XCBuildConfiguration;
			buildSettings = {
				ALWAYS_SEARCH_USER_PATHS = NO;
				CLANG_ANALYZER_NONNULL = YES;
				CLANG_ANALYZER_NUMBER_OBJECT_CONVERSION = YES_AGGRESSIVE;
				CLANG_CXX_LANGUAGE_STANDARD = "gnu++20";
				CLANG_ENABLE_MODULES = YES;
				CLANG_ENABLE_OBJC_ARC = YES;
				CLANG_ENABLE_OBJC_WEAK = YES;
				CLANG_WARN_BLOCK_CAPTURE_AUTORELEASING = YES;
				CLANG_WARN_BOOL_CONVERSION = YES;
				CLANG_WARN_COMMA = YES;
				CLANG_WARN_CONSTANT_CONVERSION = YES;
				CLANG_WARN_DEPRECATED_OBJC_IMPLEMENTATIONS = YES;
				CLANG_WARN_DIRECT_OBJC_ISA_USAGE = YES_ERROR;
				CLANG_WARN_DOCUMENTATION_COMMENTS = YES;
				CLANG_WARN_EMPTY_BODY = YES;
				CLANG_WARN_ENUM_CONVERSION = YES;
				CLANG_WARN_INFINITE_RECURSION = YES;
				CLANG_WARN_INT_CONVERSION = YES;
				CLANG_WARN_NON_LITERAL_NULL_CONVERSION = YES;
				CLANG_WARN_OBJC_IMPLICIT_RETAIN_SELF = YES;
				CLANG_WARN_OBJC_LITERAL_CONVERSION = YES;
				CLANG_WARN_OBJC_ROOT_CLASS = YES_ERROR;
				CLANG_WARN_QUOTED_INCLUDE_IN_FRAMEWORK_HEADER = YES;
				CLANG_WARN_RANGE_LOOP_ANALYSIS = YES;
				CLANG_WARN_STRICT_PROTOTYPES = YES;
				CLANG_WARN_SUSPICIOUS_MOVE = YES;
				CLANG_WARN_UNGUARDED_AVAILABILITY = YES_AGGRESSIVE;
				CLANG_WARN_UNREACHABLE_CODE = YES;
				CLANG_WARN__DUPLICATE_METHOD_MATCH = YES;
				COPY_PHASE_STRIP = NO;
				DEBUG_INFORMATION_FORMAT = dwarf;
				ENABLE_STRICT_OBJC_MSGSEND = YES;
				ENABLE_TESTABILITY = YES;
				GCC_C_LANGUAGE_STANDARD = gnu11;
				GCC_DYNAMIC_NO_PIC = NO;
				GCC_NO_COMMON_BLOCKS = YES;
				GCC_OPTIMIZATION_LEVEL = 0;
				GCC_PREPROCESSOR_DEFINITIONS = (
					"DEBUG=1",
					"$(inherited)",
				);
				GCC_WARN_64_TO_32_BIT_CONVERSION = YES;
				GCC_WARN_ABOUT_RETURN_TYPE = YES_ERROR;
				GCC_WARN_UNDECLARED_SELECTOR = YES;
				GCC_WARN_UNINITIALIZED_AUTOS = YES_AGGRESSIVE;
				GCC_WARN_UNUSED_FUNCTION = YES;
				GCC_WARN_UNUSED_VARIABLE = YES;
				MTL_ENABLE_DEBUG_INFO = INCLUDE_SOURCE;
				MTL_FAST_MATH = YES;
				ONLY_ACTIVE_ARCH = YES;
				SWIFT_ACTIVE_COMPILATION_CONDITIONS = DEBUG;
				SWIFT_OPTIMIZATION_LEVEL = "-Onone";
			};
			name = Debug;
		};
		6190D2CB2989E0A60068490C /* Release */ = {
			isa = XCBuildConfiguration;
			buildSettings = {
				ALWAYS_SEARCH_USER_PATHS = NO;
				CLANG_ANALYZER_NONNULL = YES;
				CLANG_ANALYZER_NUMBER_OBJECT_CONVERSION = YES_AGGRESSIVE;
				CLANG_CXX_LANGUAGE_STANDARD = "gnu++20";
				CLANG_ENABLE_MODULES = YES;
				CLANG_ENABLE_OBJC_ARC = YES;
				CLANG_ENABLE_OBJC_WEAK = YES;
				CLANG_WARN_BLOCK_CAPTURE_AUTORELEASING = YES;
				CLANG_WARN_BOOL_CONVERSION = YES;
				CLANG_WARN_COMMA = YES;
				CLANG_WARN_CONSTANT_CONVERSION = YES;
				CLANG_WARN_DEPRECATED_OBJC_IMPLEMENTATIONS = YES;
				CLANG_WARN_DIRECT_OBJC_ISA_USAGE = YES_ERROR;
				CLANG_WARN_DOCUMENTATION_COMMENTS = YES;
				CLANG_WARN_EMPTY_BODY = YES;
				CLANG_WARN_ENUM_CONVERSION = YES;
				CLANG_WARN_INFINITE_RECURSION = YES;
				CLANG_WARN_INT_CONVERSION = YES;
				CLANG_WARN_NON_LITERAL_NULL_CONVERSION = YES;
				CLANG_WARN_OBJC_IMPLICIT_RETAIN_SELF = YES;
				CLANG_WARN_OBJC_LITERAL_CONVERSION = YES;
				CLANG_WARN_OBJC_ROOT_CLASS = YES_ERROR;
				CLANG_WARN_QUOTED_INCLUDE_IN_FRAMEWORK_HEADER = YES;
				CLANG_WARN_RANGE_LOOP_ANALYSIS = YES;
				CLANG_WARN_STRICT_PROTOTYPES = YES;
				CLANG_WARN_SUSPICIOUS_MOVE = YES;
				CLANG_WARN_UNGUARDED_AVAILABILITY = YES_AGGRESSIVE;
				CLANG_WARN_UNREACHABLE_CODE = YES;
				CLANG_WARN__DUPLICATE_METHOD_MATCH = YES;
				COPY_PHASE_STRIP = NO;
				DEBUG_INFORMATION_FORMAT = "dwarf-with-dsym";
				ENABLE_NS_ASSERTIONS = NO;
				ENABLE_STRICT_OBJC_MSGSEND = YES;
				GCC_C_LANGUAGE_STANDARD = gnu11;
				GCC_NO_COMMON_BLOCKS = YES;
				GCC_WARN_64_TO_32_BIT_CONVERSION = YES;
				GCC_WARN_ABOUT_RETURN_TYPE = YES_ERROR;
				GCC_WARN_UNDECLARED_SELECTOR = YES;
				GCC_WARN_UNINITIALIZED_AUTOS = YES_AGGRESSIVE;
				GCC_WARN_UNUSED_FUNCTION = YES;
				GCC_WARN_UNUSED_VARIABLE = YES;
				MTL_ENABLE_DEBUG_INFO = NO;
				MTL_FAST_MATH = YES;
				SWIFT_COMPILATION_MODE = wholemodule;
				SWIFT_OPTIMIZATION_LEVEL = "-O";
			};
			name = Release;
		};
		6190D2CD2989E0A60068490C /* Debug */ = {
			isa = XCBuildConfiguration;
			buildSettings = {
				ASSETCATALOG_COMPILER_APPICON_NAME = AppIcon;
				ASSETCATALOG_COMPILER_GLOBAL_ACCENT_COLOR_NAME = AccentColor;
				CODE_SIGN_ENTITLEMENTS = TMTechTest/TMTechTest.entitlements;
				CODE_SIGN_STYLE = Automatic;
				CURRENT_PROJECT_VERSION = 1;
				DEVELOPMENT_ASSET_PATHS = "\"TMTechTest/Preview Content\"";
				DEVELOPMENT_TEAM = 9J93HX6462;
				ENABLE_HARDENED_RUNTIME = YES;
				ENABLE_PREVIEWS = YES;
				GENERATE_INFOPLIST_FILE = YES;
				"INFOPLIST_KEY_UIApplicationSceneManifest_Generation[sdk=iphoneos*]" = YES;
				"INFOPLIST_KEY_UIApplicationSceneManifest_Generation[sdk=iphonesimulator*]" = YES;
				"INFOPLIST_KEY_UIApplicationSupportsIndirectInputEvents[sdk=iphoneos*]" = YES;
				"INFOPLIST_KEY_UIApplicationSupportsIndirectInputEvents[sdk=iphonesimulator*]" = YES;
				"INFOPLIST_KEY_UILaunchScreen_Generation[sdk=iphoneos*]" = YES;
				"INFOPLIST_KEY_UILaunchScreen_Generation[sdk=iphonesimulator*]" = YES;
				"INFOPLIST_KEY_UIStatusBarStyle[sdk=iphoneos*]" = UIStatusBarStyleDefault;
				"INFOPLIST_KEY_UIStatusBarStyle[sdk=iphonesimulator*]" = UIStatusBarStyleDefault;
				INFOPLIST_KEY_UISupportedInterfaceOrientations_iPad = "UIInterfaceOrientationPortrait UIInterfaceOrientationPortraitUpsideDown UIInterfaceOrientationLandscapeLeft UIInterfaceOrientationLandscapeRight";
				INFOPLIST_KEY_UISupportedInterfaceOrientations_iPhone = "UIInterfaceOrientationPortrait UIInterfaceOrientationLandscapeLeft UIInterfaceOrientationLandscapeRight";
				IPHONEOS_DEPLOYMENT_TARGET = 16.0;
				LD_RUNPATH_SEARCH_PATHS = "@executable_path/Frameworks";
				"LD_RUNPATH_SEARCH_PATHS[sdk=macosx*]" = "@executable_path/../Frameworks";
				MACOSX_DEPLOYMENT_TARGET = 13.1;
				MARKETING_VERSION = 1.0;
				PRODUCT_BUNDLE_IDENTIFIER = com.antokne.TMTechTest;
				PRODUCT_NAME = "$(TARGET_NAME)";
				SDKROOT = auto;
				SUPPORTED_PLATFORMS = "iphoneos iphonesimulator";
				SUPPORTS_MACCATALYST = NO;
				SUPPORTS_MAC_DESIGNED_FOR_IPHONE_IPAD = NO;
				SWIFT_EMIT_LOC_STRINGS = YES;
				SWIFT_VERSION = 5.0;
				TARGETED_DEVICE_FAMILY = "1,2";
			};
			name = Debug;
		};
		6190D2CE2989E0A60068490C /* Release */ = {
			isa = XCBuildConfiguration;
			buildSettings = {
				ASSETCATALOG_COMPILER_APPICON_NAME = AppIcon;
				ASSETCATALOG_COMPILER_GLOBAL_ACCENT_COLOR_NAME = AccentColor;
				CODE_SIGN_ENTITLEMENTS = TMTechTest/TMTechTest.entitlements;
				CODE_SIGN_STYLE = Automatic;
				CURRENT_PROJECT_VERSION = 1;
				DEVELOPMENT_ASSET_PATHS = "\"TMTechTest/Preview Content\"";
				DEVELOPMENT_TEAM = 9J93HX6462;
				ENABLE_HARDENED_RUNTIME = YES;
				ENABLE_PREVIEWS = YES;
				GENERATE_INFOPLIST_FILE = YES;
				"INFOPLIST_KEY_UIApplicationSceneManifest_Generation[sdk=iphoneos*]" = YES;
				"INFOPLIST_KEY_UIApplicationSceneManifest_Generation[sdk=iphonesimulator*]" = YES;
				"INFOPLIST_KEY_UIApplicationSupportsIndirectInputEvents[sdk=iphoneos*]" = YES;
				"INFOPLIST_KEY_UIApplicationSupportsIndirectInputEvents[sdk=iphonesimulator*]" = YES;
				"INFOPLIST_KEY_UILaunchScreen_Generation[sdk=iphoneos*]" = YES;
				"INFOPLIST_KEY_UILaunchScreen_Generation[sdk=iphonesimulator*]" = YES;
				"INFOPLIST_KEY_UIStatusBarStyle[sdk=iphoneos*]" = UIStatusBarStyleDefault;
				"INFOPLIST_KEY_UIStatusBarStyle[sdk=iphonesimulator*]" = UIStatusBarStyleDefault;
				INFOPLIST_KEY_UISupportedInterfaceOrientations_iPad = "UIInterfaceOrientationPortrait UIInterfaceOrientationPortraitUpsideDown UIInterfaceOrientationLandscapeLeft UIInterfaceOrientationLandscapeRight";
				INFOPLIST_KEY_UISupportedInterfaceOrientations_iPhone = "UIInterfaceOrientationPortrait UIInterfaceOrientationLandscapeLeft UIInterfaceOrientationLandscapeRight";
				IPHONEOS_DEPLOYMENT_TARGET = 16.0;
				LD_RUNPATH_SEARCH_PATHS = "@executable_path/Frameworks";
				"LD_RUNPATH_SEARCH_PATHS[sdk=macosx*]" = "@executable_path/../Frameworks";
				MACOSX_DEPLOYMENT_TARGET = 13.1;
				MARKETING_VERSION = 1.0;
				PRODUCT_BUNDLE_IDENTIFIER = com.antokne.TMTechTest;
				PRODUCT_NAME = "$(TARGET_NAME)";
				SDKROOT = auto;
				SUPPORTED_PLATFORMS = "iphoneos iphonesimulator";
				SUPPORTS_MACCATALYST = NO;
				SUPPORTS_MAC_DESIGNED_FOR_IPHONE_IPAD = NO;
				SWIFT_EMIT_LOC_STRINGS = YES;
				SWIFT_VERSION = 5.0;
				TARGETED_DEVICE_FAMILY = "1,2";
			};
			name = Release;
		};
		6190D2D02989E0A60068490C /* Debug */ = {
			isa = XCBuildConfiguration;
			buildSettings = {
				ALWAYS_EMBED_SWIFT_STANDARD_LIBRARIES = YES;
				BUNDLE_LOADER = "$(TEST_HOST)";
				CODE_SIGN_STYLE = Automatic;
				CURRENT_PROJECT_VERSION = 1;
				DEVELOPMENT_TEAM = 9J93HX6462;
				GENERATE_INFOPLIST_FILE = YES;
				IPHONEOS_DEPLOYMENT_TARGET = 16.2;
				MACOSX_DEPLOYMENT_TARGET = 13.1;
				MARKETING_VERSION = 1.0;
				PRODUCT_BUNDLE_IDENTIFIER = com.antokne.TMTechTestTests;
				PRODUCT_NAME = "$(TARGET_NAME)";
				SDKROOT = auto;
				SUPPORTED_PLATFORMS = "iphoneos iphonesimulator macosx";
				SWIFT_EMIT_LOC_STRINGS = NO;
				SWIFT_VERSION = 5.0;
				TARGETED_DEVICE_FAMILY = "1,2";
				TEST_HOST = "$(BUILT_PRODUCTS_DIR)/TMTechTest.app/$(BUNDLE_EXECUTABLE_FOLDER_PATH)/TMTechTest";
			};
			name = Debug;
		};
		6190D2D12989E0A60068490C /* Release */ = {
			isa = XCBuildConfiguration;
			buildSettings = {
				ALWAYS_EMBED_SWIFT_STANDARD_LIBRARIES = YES;
				BUNDLE_LOADER = "$(TEST_HOST)";
				CODE_SIGN_STYLE = Automatic;
				CURRENT_PROJECT_VERSION = 1;
				DEVELOPMENT_TEAM = 9J93HX6462;
				GENERATE_INFOPLIST_FILE = YES;
				IPHONEOS_DEPLOYMENT_TARGET = 16.2;
				MACOSX_DEPLOYMENT_TARGET = 13.1;
				MARKETING_VERSION = 1.0;
				PRODUCT_BUNDLE_IDENTIFIER = com.antokne.TMTechTestTests;
				PRODUCT_NAME = "$(TARGET_NAME)";
				SDKROOT = auto;
				SUPPORTED_PLATFORMS = "iphoneos iphonesimulator macosx";
				SWIFT_EMIT_LOC_STRINGS = NO;
				SWIFT_VERSION = 5.0;
				TARGETED_DEVICE_FAMILY = "1,2";
				TEST_HOST = "$(BUILT_PRODUCTS_DIR)/TMTechTest.app/$(BUNDLE_EXECUTABLE_FOLDER_PATH)/TMTechTest";
			};
			name = Release;
		};
		6190D2D32989E0A60068490C /* Debug */ = {
			isa = XCBuildConfiguration;
			buildSettings = {
				ALWAYS_EMBED_SWIFT_STANDARD_LIBRARIES = YES;
				CODE_SIGN_STYLE = Automatic;
				CURRENT_PROJECT_VERSION = 1;
				DEVELOPMENT_TEAM = 9J93HX6462;
				GENERATE_INFOPLIST_FILE = YES;
				IPHONEOS_DEPLOYMENT_TARGET = 16.2;
				MACOSX_DEPLOYMENT_TARGET = 13.1;
				MARKETING_VERSION = 1.0;
				PRODUCT_BUNDLE_IDENTIFIER = com.antokne.TMTechTestUITests;
				PRODUCT_NAME = "$(TARGET_NAME)";
				SDKROOT = auto;
				SUPPORTED_PLATFORMS = "iphoneos iphonesimulator macosx";
				SWIFT_EMIT_LOC_STRINGS = NO;
				SWIFT_VERSION = 5.0;
				TARGETED_DEVICE_FAMILY = "1,2";
				TEST_TARGET_NAME = TMTechTest;
			};
			name = Debug;
		};
		6190D2D42989E0A60068490C /* Release */ = {
			isa = XCBuildConfiguration;
			buildSettings = {
				ALWAYS_EMBED_SWIFT_STANDARD_LIBRARIES = YES;
				CODE_SIGN_STYLE = Automatic;
				CURRENT_PROJECT_VERSION = 1;
				DEVELOPMENT_TEAM = 9J93HX6462;
				GENERATE_INFOPLIST_FILE = YES;
				IPHONEOS_DEPLOYMENT_TARGET = 16.2;
				MACOSX_DEPLOYMENT_TARGET = 13.1;
				MARKETING_VERSION = 1.0;
				PRODUCT_BUNDLE_IDENTIFIER = com.antokne.TMTechTestUITests;
				PRODUCT_NAME = "$(TARGET_NAME)";
				SDKROOT = auto;
				SUPPORTED_PLATFORMS = "iphoneos iphonesimulator macosx";
				SWIFT_EMIT_LOC_STRINGS = NO;
				SWIFT_VERSION = 5.0;
				TARGETED_DEVICE_FAMILY = "1,2";
				TEST_TARGET_NAME = TMTechTest;
			};
			name = Release;
		};
/* End XCBuildConfiguration section */

/* Begin XCConfigurationList section */
		6190D2A22989E0A50068490C /* Build configuration list for PBXProject "TMTechTest" */ = {
			isa = XCConfigurationList;
			buildConfigurations = (
				6190D2CA2989E0A60068490C /* Debug */,
				6190D2CB2989E0A60068490C /* Release */,
			);
			defaultConfigurationIsVisible = 0;
			defaultConfigurationName = Release;
		};
		6190D2CC2989E0A60068490C /* Build configuration list for PBXNativeTarget "TMTechTest" */ = {
			isa = XCConfigurationList;
			buildConfigurations = (
				6190D2CD2989E0A60068490C /* Debug */,
				6190D2CE2989E0A60068490C /* Release */,
			);
			defaultConfigurationIsVisible = 0;
			defaultConfigurationName = Release;
		};
		6190D2CF2989E0A60068490C /* Build configuration list for PBXNativeTarget "TMTechTestTests" */ = {
			isa = XCConfigurationList;
			buildConfigurations = (
				6190D2D02989E0A60068490C /* Debug */,
				6190D2D12989E0A60068490C /* Release */,
			);
			defaultConfigurationIsVisible = 0;
			defaultConfigurationName = Release;
		};
		6190D2D22989E0A60068490C /* Build configuration list for PBXNativeTarget "TMTechTestUITests" */ = {
			isa = XCConfigurationList;
			buildConfigurations = (
				6190D2D32989E0A60068490C /* Debug */,
				6190D2D42989E0A60068490C /* Release */,
			);
			defaultConfigurationIsVisible = 0;
			defaultConfigurationName = Release;
		};
/* End XCConfigurationList section */

/* Begin XCRemoteSwiftPackageReference section */
		6110B354298B16560068C7F7 /* XCRemoteSwiftPackageReference "TradeMeAPI" */ = {
			isa = XCRemoteSwiftPackageReference;
			repositoryURL = "https://github.com/antokne/TradeMeAPI";
			requirement = {
				branch = develop;
				kind = branch;
			};
		};
/* End XCRemoteSwiftPackageReference section */

/* Begin XCSwiftPackageProductDependency section */
		6110B355298B16560068C7F7 /* TradeMeAPI */ = {
			isa = XCSwiftPackageProductDependency;
			package = 6110B354298B16560068C7F7 /* XCRemoteSwiftPackageReference "TradeMeAPI" */;
			productName = TradeMeAPI;
		};
/* End XCSwiftPackageProductDependency section */
	};
	rootObject = 6190D29F2989E0A50068490C /* Project object */;
}
